
Microsoft Visual Studio Solution File, Format Version 12.00
# Visual Studio Version 17
VisualStudioVersion = 17.5.33530.505
MinimumVisualStudioVersion = 10.0.40219.1
Project("{9A19103F-16F7-4668-BE54-9A1E7A4F7556}") = "ShopOnline.Web", "ShopOnline.Web\ShopOnline.Web.csproj", "{A11EEB1B-E708-4635-A2E7-399E171081AD}"
EndProject
Project("{9A19103F-16F7-4668-BE54-9A1E7A4F7556}") = "ShopOnline.Api", "ShopOnline.Api\ShopOnline.Api.csproj", "{AD3DCC04-2275-4E78-83F3-5456015EB762}"
EndProject
Project("{9A19103F-16F7-4668-BE54-9A1E7A4F7556}") = "ShopOnline.Models", "ShopOnline.Models\ShopOnline.Models.csproj", "{F5948A70-B8D6-4F67-A407-45A2B5FBD5CD}"
EndProject
Global
	GlobalSection(SolutionConfigurationPlatforms) = preSolution
		Debug|Any CPU = Debug|Any CPU
		Release|Any CPU = Release|Any CPU
	EndGlobalSection
	GlobalSection(ProjectConfigurationPlatforms) = postSolution
		{A11EEB1B-E708-4635-A2E7-399E171081AD}.Debug|Any CPU.ActiveCfg = Debug|Any CPU
		{A11EEB1B-E708-4635-A2E7-399E171081AD}.Debug|Any CPU.Build.0 = Debug|Any CPU
		{A11EEB1B-E708-4635-A2E7-399E171081AD}.Release|Any CPU.ActiveCfg = Release|Any CPU
		{A11EEB1B-E708-4635-A2E7-399E171081AD}.Release|Any CPU.Build.0 = Release|Any CPU
		{AD3DCC04-2275-4E78-83F3-5456015EB762}.Debug|Any CPU.ActiveCfg = Debug|Any CPU
		{AD3DCC04-2275-4E78-83F3-5456015EB762}.Debug|Any CPU.Build.0 = Debug|Any CPU
		{AD3DCC04-2275-4E78-83F3-5456015EB762}.Release|Any CPU.ActiveCfg = Release|Any CPU
		{AD3DCC04-2275-4E78-83F3-5456015EB762}.Release|Any CPU.Build.0 = Release|Any CPU
		{F5948A70-B8D6-4F67-A407-45A2B5FBD5CD}.Debug|Any CPU.ActiveCfg = Debug|Any CPU
		{F5948A70-B8D6-4F67-A407-45A2B5FBD5CD}.Debug|Any CPU.Build.0 = Debug|Any CPU
		{F5948A70-B8D6-4F67-A407-45A2B5FBD5CD}.Release|Any CPU.ActiveCfg = Release|Any CPU
		{F5948A70-B8D6-4F67-A407-45A2B5FBD5CD}.Release|Any CPU.Build.0 = Release|Any CPU
	EndGlobalSection
	GlobalSection(SolutionProperties) = preSolution
		HideSolutionNode = FALSE
	EndGlobalSection
	GlobalSection(ExtensibilityGlobals) = postSolution
		SolutionGuid = {8EA1BB67-0A71-418D-ABEF-3A27DA0588FE}
	EndGlobalSection
EndGlobal
